
Microsoft Visual Studio Solution File, Format Version 12.00
# Visual Studio Version 17
VisualStudioVersion = 17.8.34330.188
MinimumVisualStudioVersion = 10.0.40219.1
Project("{FAE04EC0-301F-11D3-BF4B-00C04F79EFBC}") = "Presentation", "Presentacion\Presentation.csproj", "{C8EC1283-A07A-4C7D-ADA4-158C5A57E994}"
EndProject
Project("{FAE04EC0-301F-11D3-BF4B-00C04F79EFBC}") = "Domain", "dominio\Domain.csproj", "{F87866B2-1AA7-4E5D-A7C8-B946782B6D50}"
EndProject
Project("{FAE04EC0-301F-11D3-BF4B-00C04F79EFBC}") = "DataAccess", "AccesoDatos\DataAccess.csproj", "{9C7D44C4-AC8E-4CFE-BFC3-10E3D8CACB64}"
EndProject
Project("{FAE04EC0-301F-11D3-BF4B-00C04F79EFBC}") = "Common", "Common\Common.csproj", "{429F58DB-FD59-4594-BF56-BD59950C95D7}"
EndProject
Global
	GlobalSection(SolutionConfigurationPlatforms) = preSolution
		Debug|Any CPU = Debug|Any CPU
		Release|Any CPU = Release|Any CPU
	EndGlobalSection
	GlobalSection(ProjectConfigurationPlatforms) = postSolution
		{C8EC1283-A07A-4C7D-ADA4-158C5A57E994}.Debug|Any CPU.ActiveCfg = Debug|Any CPU
		{C8EC1283-A07A-4C7D-ADA4-158C5A57E994}.Debug|Any CPU.Build.0 = Debug|Any CPU
		{C8EC1283-A07A-4C7D-ADA4-158C5A57E994}.Release|Any CPU.ActiveCfg = Release|Any CPU
		{C8EC1283-A07A-4C7D-ADA4-158C5A57E994}.Release|Any CPU.Build.0 = Release|Any CPU
		{F87866B2-1AA7-4E5D-A7C8-B946782B6D50}.Debug|Any CPU.ActiveCfg = Debug|Any CPU
		{F87866B2-1AA7-4E5D-A7C8-B946782B6D50}.Debug|Any CPU.Build.0 = Debug|Any CPU
		{F87866B2-1AA7-4E5D-A7C8-B946782B6D50}.Release|Any CPU.ActiveCfg = Release|Any CPU
		{F87866B2-1AA7-4E5D-A7C8-B946782B6D50}.Release|Any CPU.Build.0 = Release|Any CPU
		{9C7D44C4-AC8E-4CFE-BFC3-10E3D8CACB64}.Debug|Any CPU.ActiveCfg = Debug|Any CPU
		{9C7D44C4-AC8E-4CFE-BFC3-10E3D8CACB64}.Debug|Any CPU.Build.0 = Debug|Any CPU
		{9C7D44C4-AC8E-4CFE-BFC3-10E3D8CACB64}.Release|Any CPU.ActiveCfg = Release|Any CPU
		{9C7D44C4-AC8E-4CFE-BFC3-10E3D8CACB64}.Release|Any CPU.Build.0 = Release|Any CPU
		{429F58DB-FD59-4594-BF56-BD59950C95D7}.Debug|Any CPU.ActiveCfg = Debug|Any CPU
		{429F58DB-FD59-4594-BF56-BD59950C95D7}.Debug|Any CPU.Build.0 = Debug|Any CPU
		{429F58DB-FD59-4594-BF56-BD59950C95D7}.Release|Any CPU.ActiveCfg = Release|Any CPU
		{429F58DB-FD59-4594-BF56-BD59950C95D7}.Release|Any CPU.Build.0 = Release|Any CPU
	EndGlobalSection
	GlobalSection(SolutionProperties) = preSolution
		HideSolutionNode = FALSE
	EndGlobalSection
	GlobalSection(ExtensibilityGlobals) = postSolution
		SolutionGuid = {ADE1F772-CF35-442F-90F4-9AD19D5237F3}
	EndGlobalSection
EndGlobal
